
Microsoft Visual Studio Solution File, Format Version 12.00
# Visual Studio 15
VisualStudioVersion = 15.0.26124.0
MinimumVisualStudioVersion = 15.0.26124.0
Project("{9A19103F-16F7-4668-BE54-9A1E7A4F7556}") = "ModelMaintainer", "src\ModelMaintainer\ModelMaintainer.csproj", "{1E4662BB-604B-4F1D-BC5A-C055635D9551}"
EndProject
Project("{2150E333-8FDC-42A3-9474-1A3956D46DE8}") = "test", "test", "{B320B429-ED4E-4D21-BD1B-4D8221E48C29}"
EndProject
Project("{9A19103F-16F7-4668-BE54-9A1E7A4F7556}") = "ModelMaintainer.Tests", "test\ModelMaintainer.Tests\ModelMaintainer.Tests.csproj", "{3F75570E-28FF-475E-9AEF-193905DFB4B7}"
EndProject
Project("{2150E333-8FDC-42A3-9474-1A3956D46DE8}") = "samples", "samples", "{0C07CC1D-C8C4-4850-AB0F-D99FC2326B74}"
EndProject
Project("{9A19103F-16F7-4668-BE54-9A1E7A4F7556}") = "ModelMaintainer.Samples.Azure", "samples\azure\ModelMaintainer.Samples.Azure.csproj", "{E6440853-09FD-4C46-A6E1-27A2E9D19BEA}"
EndProject
Project("{9A19103F-16F7-4668-BE54-9A1E7A4F7556}") = "hello-world", "samples\hello-world\hello-world.csproj", "{A9872710-F975-419D-8D02-5BBC07CEE54A}"
EndProject
Global
	GlobalSection(SolutionConfigurationPlatforms) = preSolution
		Debug|Any CPU = Debug|Any CPU
		Debug|x64 = Debug|x64
		Debug|x86 = Debug|x86
		Release|Any CPU = Release|Any CPU
		Release|x64 = Release|x64
		Release|x86 = Release|x86
	EndGlobalSection
	GlobalSection(ProjectConfigurationPlatforms) = postSolution
		{1E4662BB-604B-4F1D-BC5A-C055635D9551}.Debug|Any CPU.ActiveCfg = Debug|Any CPU
		{1E4662BB-604B-4F1D-BC5A-C055635D9551}.Debug|Any CPU.Build.0 = Debug|Any CPU
		{1E4662BB-604B-4F1D-BC5A-C055635D9551}.Debug|x64.ActiveCfg = Debug|Any CPU
		{1E4662BB-604B-4F1D-BC5A-C055635D9551}.Debug|x64.Build.0 = Debug|Any CPU
		{1E4662BB-604B-4F1D-BC5A-C055635D9551}.Debug|x86.ActiveCfg = Debug|Any CPU
		{1E4662BB-604B-4F1D-BC5A-C055635D9551}.Debug|x86.Build.0 = Debug|Any CPU
		{1E4662BB-604B-4F1D-BC5A-C055635D9551}.Release|Any CPU.ActiveCfg = Release|Any CPU
		{1E4662BB-604B-4F1D-BC5A-C055635D9551}.Release|Any CPU.Build.0 = Release|Any CPU
		{1E4662BB-604B-4F1D-BC5A-C055635D9551}.Release|x64.ActiveCfg = Release|Any CPU
		{1E4662BB-604B-4F1D-BC5A-C055635D9551}.Release|x64.Build.0 = Release|Any CPU
		{1E4662BB-604B-4F1D-BC5A-C055635D9551}.Release|x86.ActiveCfg = Release|Any CPU
		{1E4662BB-604B-4F1D-BC5A-C055635D9551}.Release|x86.Build.0 = Release|Any CPU
		{3F75570E-28FF-475E-9AEF-193905DFB4B7}.Debug|Any CPU.ActiveCfg = Debug|Any CPU
		{3F75570E-28FF-475E-9AEF-193905DFB4B7}.Debug|Any CPU.Build.0 = Debug|Any CPU
		{3F75570E-28FF-475E-9AEF-193905DFB4B7}.Debug|x64.ActiveCfg = Debug|Any CPU
		{3F75570E-28FF-475E-9AEF-193905DFB4B7}.Debug|x64.Build.0 = Debug|Any CPU
		{3F75570E-28FF-475E-9AEF-193905DFB4B7}.Debug|x86.ActiveCfg = Debug|Any CPU
		{3F75570E-28FF-475E-9AEF-193905DFB4B7}.Debug|x86.Build.0 = Debug|Any CPU
		{3F75570E-28FF-475E-9AEF-193905DFB4B7}.Release|Any CPU.ActiveCfg = Release|Any CPU
		{3F75570E-28FF-475E-9AEF-193905DFB4B7}.Release|Any CPU.Build.0 = Release|Any CPU
		{3F75570E-28FF-475E-9AEF-193905DFB4B7}.Release|x64.ActiveCfg = Release|Any CPU
		{3F75570E-28FF-475E-9AEF-193905DFB4B7}.Release|x64.Build.0 = Release|Any CPU
		{3F75570E-28FF-475E-9AEF-193905DFB4B7}.Release|x86.ActiveCfg = Release|Any CPU
		{3F75570E-28FF-475E-9AEF-193905DFB4B7}.Release|x86.Build.0 = Release|Any CPU
		{E6440853-09FD-4C46-A6E1-27A2E9D19BEA}.Debug|Any CPU.ActiveCfg = Debug|Any CPU
		{E6440853-09FD-4C46-A6E1-27A2E9D19BEA}.Debug|Any CPU.Build.0 = Debug|Any CPU
		{E6440853-09FD-4C46-A6E1-27A2E9D19BEA}.Debug|x64.ActiveCfg = Debug|Any CPU
		{E6440853-09FD-4C46-A6E1-27A2E9D19BEA}.Debug|x64.Build.0 = Debug|Any CPU
		{E6440853-09FD-4C46-A6E1-27A2E9D19BEA}.Debug|x86.ActiveCfg = Debug|Any CPU
		{E6440853-09FD-4C46-A6E1-27A2E9D19BEA}.Debug|x86.Build.0 = Debug|Any CPU
		{E6440853-09FD-4C46-A6E1-27A2E9D19BEA}.Release|Any CPU.ActiveCfg = Release|Any CPU
		{E6440853-09FD-4C46-A6E1-27A2E9D19BEA}.Release|Any CPU.Build.0 = Release|Any CPU
		{E6440853-09FD-4C46-A6E1-27A2E9D19BEA}.Release|x64.ActiveCfg = Release|Any CPU
		{E6440853-09FD-4C46-A6E1-27A2E9D19BEA}.Release|x64.Build.0 = Release|Any CPU
		{E6440853-09FD-4C46-A6E1-27A2E9D19BEA}.Release|x86.ActiveCfg = Release|Any CPU
		{E6440853-09FD-4C46-A6E1-27A2E9D19BEA}.Release|x86.Build.0 = Release|Any CPU
		{A9872710-F975-419D-8D02-5BBC07CEE54A}.Debug|Any CPU.ActiveCfg = Debug|Any CPU
		{A9872710-F975-419D-8D02-5BBC07CEE54A}.Debug|Any CPU.Build.0 = Debug|Any CPU
		{A9872710-F975-419D-8D02-5BBC07CEE54A}.Debug|x64.ActiveCfg = Debug|Any CPU
		{A9872710-F975-419D-8D02-5BBC07CEE54A}.Debug|x64.Build.0 = Debug|Any CPU
		{A9872710-F975-419D-8D02-5BBC07CEE54A}.Debug|x86.ActiveCfg = Debug|Any CPU
		{A9872710-F975-419D-8D02-5BBC07CEE54A}.Debug|x86.Build.0 = Debug|Any CPU
		{A9872710-F975-419D-8D02-5BBC07CEE54A}.Release|Any CPU.ActiveCfg = Release|Any CPU
		{A9872710-F975-419D-8D02-5BBC07CEE54A}.Release|Any CPU.Build.0 = Release|Any CPU
		{A9872710-F975-419D-8D02-5BBC07CEE54A}.Release|x64.ActiveCfg = Release|Any CPU
		{A9872710-F975-419D-8D02-5BBC07CEE54A}.Release|x64.Build.0 = Release|Any CPU
		{A9872710-F975-419D-8D02-5BBC07CEE54A}.Release|x86.ActiveCfg = Release|Any CPU
		{A9872710-F975-419D-8D02-5BBC07CEE54A}.Release|x86.Build.0 = Release|Any CPU
	EndGlobalSection
	GlobalSection(SolutionProperties) = preSolution
		HideSolutionNode = FALSE
	EndGlobalSection
	GlobalSection(NestedProjects) = preSolution
		{3F75570E-28FF-475E-9AEF-193905DFB4B7} = {B320B429-ED4E-4D21-BD1B-4D8221E48C29}
		{E6440853-09FD-4C46-A6E1-27A2E9D19BEA} = {0C07CC1D-C8C4-4850-AB0F-D99FC2326B74}
		{A9872710-F975-419D-8D02-5BBC07CEE54A} = {0C07CC1D-C8C4-4850-AB0F-D99FC2326B74}
	EndGlobalSection
	GlobalSection(ExtensibilityGlobals) = postSolution
		SolutionGuid = {23AA0198-431C-4C13-B36E-EF765F979E85}
	EndGlobalSection
EndGlobal
